
Microsoft Visual Studio Solution File, Format Version 12.00
# Visual Studio Version 16
VisualStudioVersion = 16.0.32106.194
MinimumVisualStudioVersion = 10.0.40219.1
Project("{FAE04EC0-301F-11D3-BF4B-00C04F79EFBC}") = "hProxyScraperV2", "hProxyScraperV2\hProxyScraperV2.csproj", "{FDFA30AB-9CAD-404D-90E3-2AC3251D5177}"
EndProject
Global
	GlobalSection(SolutionConfigurationPlatforms) = preSolution
		Debug|Any CPU = Debug|Any CPU
		Release|Any CPU = Release|Any CPU
	EndGlobalSection
	GlobalSection(ProjectConfigurationPlatforms) = postSolution
		{FDFA30AB-9CAD-404D-90E3-2AC3251D5177}.Debug|Any CPU.ActiveCfg = Debug|Any CPU
		{FDFA30AB-9CAD-404D-90E3-2AC3251D5177}.Debug|Any CPU.Build.0 = Debug|Any CPU
		{FDFA30AB-9CAD-404D-90E3-2AC3251D5177}.Release|Any CPU.ActiveCfg = Release|Any CPU
		{FDFA30AB-9CAD-404D-90E3-2AC3251D5177}.Release|Any CPU.Build.0 = Release|Any CPU
	EndGlobalSection
	GlobalSection(SolutionProperties) = preSolution
		HideSolutionNode = FALSE
	EndGlobalSection
	GlobalSection(ExtensibilityGlobals) = postSolution
		SolutionGuid = {700000AF-9650-4560-AF22-2E5306FD6B26}
	EndGlobalSection
EndGlobal
